dependencies:
  espressif/cmake_utilities:
    component_hash: 351350613ceafba240b761b4ea991e0f231ac7a9f59a9ee901f751bddc0bb18f
    dependencies:
    - name: idf
      require: private
      version: '>=4.1'
    source:
      registry_url: https://components.espressif.com/
      type: service
    version: 0.5.3
  espressif/esp-serial-flasher:
    component_hash: 4145e00567da533fc60fe176d58df646e4ee20cf066820c236c3bed34ca0d2c3
    dependencies:
    - name: idf
      require: private
      version: '>=4.3'
    - name: espressif/usb_host_cdc_acm
      registry_url: https://components.espressif.com
      require: private
      rules:
      - if: idf_version >=4.4
      - if: target in [esp32s2, esp32s3]
      version: ^2
    source:
      registry_url: https://components.espressif.com
      type: service
    version: 1.8.0
  espressif/esp_rainmaker:
    component_hash: c2eda1967c6fd689b3cd669a6f25321692a6ea1defb66f99a8cd7422f9cc572c
    dependencies:
    - name: espressif/esp_rcp_update
      registry_url: https://components.espressif.com
      require: private
      rules:
      - if: idf_version >= 5.1
      version: ^1.2.0
    - name: espressif/esp_schedule
      registry_url: https://components.espressif.com
      require: private
      version: ~1.2.0
    - name: espressif/esp_secure_cert_mgr
      registry_url: https://components.espressif.com
      require: private
      rules:
      - if: idf_version >=4.3
      version: ^2.2.1
    - name: espressif/json_generator
      registry_url: https://components.espressif.com
      require: private
      version: ~1.1.1
    - name: espressif/json_parser
      registry_url: https://components.espressif.com
      require: private
      version: ~1.0.3
    - name: espressif/mdns
      registry_url: https://components.espressif.com
      require: private
      rules:
      - if: idf_version >=5.0
      version: ^1.2.0
    - name: espressif/network_provisioning
      registry_url: https://components.espressif.com
      require: private
      rules:
      - if: idf_version >= 5.1
      version: ~1.0.0
    - name: espressif/rmaker_common
      registry_url: https://components.espressif.com
      require: private
      version: ~1.4.10
    source:
      registry_url: https://components.espressif.com/
      type: service
    version: 1.6.0
  espressif/esp_rcp_update:
    component_hash: 0629efd75df671b132cc3b3d66e37267d12da63ea734f820280431e4d805ab0b
    dependencies:
    - name: espressif/esp-serial-flasher
      registry_url: https://components.espressif.com
      require: private
      version: 1.8.0
    - name: idf
      require: private
      version: '>=5.0'
    source:
      registry_url: https://components.espressif.com
      type: service
    version: 1.4.0
  espressif/esp_schedule:
    component_hash: e202a9c688f7f1ab601efb91d682e4bcfaebc508dcceee1a1e0a0d2d1ca75a26
    dependencies:
    - name: espressif/rmaker_common
      registry_url: https://components.espressif.com
      require: private
      version: ~1.4.2
    source:
      registry_url: https://components.espressif.com
      type: service
    version: 1.2.0
  espressif/esp_secure_cert_mgr:
    component_hash: 5d9175b416f751ba6a7cb35bdf092f0af85658ce06c4a592c7c541d8017ebeb9
    dependencies:
    - name: idf
      require: private
      version: '>=4.3'
    source:
      registry_url: https://components.espressif.com
      type: service
    version: 2.5.0
  espressif/jsmn:
    component_hash: d80350c41bbaa827c98a25b6072df00884e72f54885996fab4a4f0aebce6b6c3
    dependencies:
    - name: idf
      require: private
      version: '>=4.3'
    source:
      registry_url: https://components.espressif.com
      type: service
    version: 1.1.0
  espressif/json_generator:
    component_hash: 45033e1c199b13f1c8c1b544fb7d4e2df6a8e3071ebdcb1b22582b61a7974ff2
    dependencies: []
    source:
      registry_url: https://components.espressif.com
      type: service
    version: 1.1.2
  espressif/json_parser:
    component_hash: d74b81729ad06ec11ff5eb5b1b0d7df1d00e6027fc11471f4b139c70dcf1b1e4
    dependencies:
    - name: espressif/jsmn
      registry_url: https://components.espressif.com
      require: private
      rules:
      - if: idf_version >=5.0
      version: ~1.1
    source:
      registry_url: https://components.espressif.com
      type: service
    version: 1.0.3
  espressif/mdns:
    component_hash: 3ec0af5f6bce310512e90f482388d21cc7c0e99668172d2f895356165fc6f7c5
    dependencies:
    - name: idf
      require: private
      version: '>=5.0'
    source:
      registry_url: https://components.espressif.com
      type: service
    version: 1.8.2
  espressif/network_provisioning:
    component_hash: 21c45dd9cf570c12671e1678ddcfabe77471afa979bcff207a8478b45b58667a
    dependencies:
    - name: idf
      require: private
      version: '>=5.1'
    source:
      registry_url: https://components.espressif.com
      type: service
    version: 1.0.5
  espressif/qrcode:
    component_hash: 3b493771bc5d6ad30cbf87c25bf784aada8a08c941504355b55d6b75518ed7bc
    dependencies: []
    source:
      registry_url: https://components.espressif.com/
      type: service
    version: 0.1.0~2
  espressif/rmaker_common:
    component_hash: f8e531264d62cf01ea1bcc80d7436e09e5819132056ca22c3869f5b0e2000c13
    dependencies: []
    source:
      registry_url: https://components.espressif.com
      type: service
    version: 1.4.12
  idf:
    source:
      type: idf
    version: 5.3.1
  ota:
    dependencies:
    - name: espressif/qrcode
      version: '*'
    - name: espressif/esp_rainmaker
      version: '>=1.0'
    source:
      path: /Users/dangminhtam/esp/esp-idf/components/my-component/ota
      type: local
    version: '*'
direct_dependencies:
- espressif/cmake_utilities
- espressif/esp_rainmaker
- idf
- ota
manifest_hash: 5aab769d6c3587d9a5dd1da73e0d96b922ef35c6ea7726fd132284d21db8dd19
target: esp32
version: 2.0.0
