dependencies:
  espressif/cmake_utilities:
    component_hash: 351350613ceafba240b761b4ea991e0f231ac7a9f59a9ee901f751bddc0bb18f
    dependencies:
    - name: idf
      require: private
      version: '>=4.1'
    source:
      registry_url: https://components.espressif.com/
      type: service
    version: 0.5.3
  idf:
    source:
      type: idf
    version: 5.3.1
direct_dependencies:
- espressif/cmake_utilities
- idf
manifest_hash: a99a2b1af38a5978165b0b145050c8a49eff0a79b6edd4090ce64ff53b1baa4e
target: esp32
version: 2.0.0
